
Microsoft Visual Studio Solution File, Format Version 12.00
# Visual Studio 15
VisualStudioVersion = 15.0.26124.0
MinimumVisualStudioVersion = 15.0.26124.0
Project("{FAE04EC0-301F-11D3-BF4B-00C04F79EFBC}") = "application", "application\application.csproj", "{3C12F199-3A24-4BFB-B921-29BEA21BF407}"
EndProject
Project("{FAE04EC0-301F-11D3-BF4B-00C04F79EFBC}") = "applicationTest", "applicationTest\applicationTest.csproj", "{048121D3-F0B1-4D85-9306-62009909AEBE}"
EndProject
Global
	GlobalSection(SolutionConfigurationPlatforms) = preSolution
		Debug|Any CPU = Debug|Any CPU
		Debug|x64 = Debug|x64
		Debug|x86 = Debug|x86
		Release|Any CPU = Release|Any CPU
		Release|x64 = Release|x64
		Release|x86 = Release|x86
	EndGlobalSection
	GlobalSection(SolutionProperties) = preSolution
		HideSolutionNode = FALSE
	EndGlobalSection
	GlobalSection(ProjectConfigurationPlatforms) = postSolution
		{3C12F199-3A24-4BFB-B921-29BEA21BF407}.Debug|Any CPU.ActiveCfg = Debug|Any CPU
		{3C12F199-3A24-4BFB-B921-29BEA21BF407}.Debug|Any CPU.Build.0 = Debug|Any CPU
		{3C12F199-3A24-4BFB-B921-29BEA21BF407}.Debug|x64.ActiveCfg = Debug|Any CPU
		{3C12F199-3A24-4BFB-B921-29BEA21BF407}.Debug|x64.Build.0 = Debug|Any CPU
		{3C12F199-3A24-4BFB-B921-29BEA21BF407}.Debug|x86.ActiveCfg = Debug|Any CPU
		{3C12F199-3A24-4BFB-B921-29BEA21BF407}.Debug|x86.Build.0 = Debug|Any CPU
		{3C12F199-3A24-4BFB-B921-29BEA21BF407}.Release|Any CPU.ActiveCfg = Release|Any CPU
		{3C12F199-3A24-4BFB-B921-29BEA21BF407}.Release|Any CPU.Build.0 = Release|Any CPU
		{3C12F199-3A24-4BFB-B921-29BEA21BF407}.Release|x64.ActiveCfg = Release|Any CPU
		{3C12F199-3A24-4BFB-B921-29BEA21BF407}.Release|x64.Build.0 = Release|Any CPU
		{3C12F199-3A24-4BFB-B921-29BEA21BF407}.Release|x86.ActiveCfg = Release|Any CPU
		{3C12F199-3A24-4BFB-B921-29BEA21BF407}.Release|x86.Build.0 = Release|Any CPU
		{048121D3-F0B1-4D85-9306-62009909AEBE}.Debug|Any CPU.ActiveCfg = Debug|Any CPU
		{048121D3-F0B1-4D85-9306-62009909AEBE}.Debug|Any CPU.Build.0 = Debug|Any CPU
		{048121D3-F0B1-4D85-9306-62009909AEBE}.Debug|x64.ActiveCfg = Debug|Any CPU
		{048121D3-F0B1-4D85-9306-62009909AEBE}.Debug|x64.Build.0 = Debug|Any CPU
		{048121D3-F0B1-4D85-9306-62009909AEBE}.Debug|x86.ActiveCfg = Debug|Any CPU
		{048121D3-F0B1-4D85-9306-62009909AEBE}.Debug|x86.Build.0 = Debug|Any CPU
		{048121D3-F0B1-4D85-9306-62009909AEBE}.Release|Any CPU.ActiveCfg = Release|Any CPU
		{048121D3-F0B1-4D85-9306-62009909AEBE}.Release|Any CPU.Build.0 = Release|Any CPU
		{048121D3-F0B1-4D85-9306-62009909AEBE}.Release|x64.ActiveCfg = Release|Any CPU
		{048121D3-F0B1-4D85-9306-62009909AEBE}.Release|x64.Build.0 = Release|Any CPU
		{048121D3-F0B1-4D85-9306-62009909AEBE}.Release|x86.ActiveCfg = Release|Any CPU
		{048121D3-F0B1-4D85-9306-62009909AEBE}.Release|x86.Build.0 = Release|Any CPU
	EndGlobalSection
EndGlobal
